
Microsoft Visual Studio Solution File, Format Version 9.00
# Visual Studio 2005
Project("{8BC9CEB8-8B4A-11D0-8D11-00A0C91BC942}") = "doctor", "doctor.vcproj", "{9143D024-C0B9-416C-8E11-26E6D79B7ED6}"
EndProject
Global
	GlobalSection(SolutionConfigurationPlatforms) = preSolution
		Debug|Win32 = Debug|Win32
		Release|Win32 = Release|Win32
	EndGlobalSection
	GlobalSection(ProjectConfigurationPlatforms) = postSolution
		{9143D024-C0B9-416C-8E11-26E6D79B7ED6}.Debug|Win32.ActiveCfg = Debug|Win32
		{9143D024-C0B9-416C-8E11-26E6D79B7ED6}.Debug|Win32.Build.0 = Debug|Win32
		{9143D024-C0B9-416C-8E11-26E6D79B7ED6}.Release|Win32.ActiveCfg = Release|Win32
		{9143D024-C0B9-416C-8E11-26E6D79B7ED6}.Release|Win32.Build.0 = Release|Win32
	EndGlobalSection
	GlobalSection(SolutionProperties) = preSolution
		HideSolutionNode = FALSE
	EndGlobalSection
EndGlobal
