
Microsoft Visual Studio Solution File, Format Version 9.00
# Visual Studio 2005
Project("{8BC9CEB8-8B4A-11D0-8D11-00A0C91BC942}") = "patient", "patient.vcproj", "{D3C06D0C-D9E3-4FA3-B9B6-79E85D455F47}"
EndProject
Global
	GlobalSection(SolutionConfigurationPlatforms) = preSolution
		Debug|Win32 = Debug|Win32
		Release|Win32 = Release|Win32
	EndGlobalSection
	GlobalSection(ProjectConfigurationPlatforms) = postSolution
		{D3C06D0C-D9E3-4FA3-B9B6-79E85D455F47}.Debug|Win32.ActiveCfg = Debug|Win32
		{D3C06D0C-D9E3-4FA3-B9B6-79E85D455F47}.Debug|Win32.Build.0 = Debug|Win32
		{D3C06D0C-D9E3-4FA3-B9B6-79E85D455F47}.Release|Win32.ActiveCfg = Release|Win32
		{D3C06D0C-D9E3-4FA3-B9B6-79E85D455F47}.Release|Win32.Build.0 = Release|Win32
	EndGlobalSection
	GlobalSection(SolutionProperties) = preSolution
		HideSolutionNode = FALSE
	EndGlobalSection
EndGlobal
