
Microsoft Visual Studio Solution File, Format Version 9.00
# Visual Studio 2005
Project("{FAE04EC0-301F-11D3-BF4B-00C04F79EFBC}") = "mat354", "mat354\mat354.csproj", "{6F4AFC7C-53B5-4A95-B08E-4097CB33DFD2}"
EndProject
Global
	GlobalSection(SolutionConfigurationPlatforms) = preSolution
		Debug|Any CPU = Debug|Any CPU
		Release|Any CPU = Release|Any CPU
	EndGlobalSection
	GlobalSection(ProjectConfigurationPlatforms) = postSolution
		{6F4AFC7C-53B5-4A95-B08E-4097CB33DFD2}.Debug|Any CPU.ActiveCfg = Debug|Any CPU
		{6F4AFC7C-53B5-4A95-B08E-4097CB33DFD2}.Debug|Any CPU.Build.0 = Debug|Any CPU
		{6F4AFC7C-53B5-4A95-B08E-4097CB33DFD2}.Release|Any CPU.ActiveCfg = Release|Any CPU
		{6F4AFC7C-53B5-4A95-B08E-4097CB33DFD2}.Release|Any CPU.Build.0 = Release|Any CPU
	EndGlobalSection
	GlobalSection(SolutionProperties) = preSolution
		HideSolutionNode = FALSE
	EndGlobalSection
EndGlobal
