
Microsoft Visual Studio Solution File, Format Version 9.00
# Visual C# Express 2005
Project("{FAE04EC0-301F-11D3-BF4B-00C04F79EFBC}") = "ImageTutorial", "ImageTutorial\ImageTutorial.csproj", "{D306D3E1-1A99-4EEE-9354-0CB976BA5BBB}"
EndProject
Global
	GlobalSection(SolutionConfigurationPlatforms) = preSolution
		Debug|Any CPU = Debug|Any CPU
		Release|Any CPU = Release|Any CPU
	EndGlobalSection
	GlobalSection(ProjectConfigurationPlatforms) = postSolution
		{D306D3E1-1A99-4EEE-9354-0CB976BA5BBB}.Debug|Any CPU.ActiveCfg = Debug|Any CPU
		{D306D3E1-1A99-4EEE-9354-0CB976BA5BBB}.Debug|Any CPU.Build.0 = Debug|Any CPU
		{D306D3E1-1A99-4EEE-9354-0CB976BA5BBB}.Release|Any CPU.ActiveCfg = Release|Any CPU
		{D306D3E1-1A99-4EEE-9354-0CB976BA5BBB}.Release|Any CPU.Build.0 = Release|Any CPU
	EndGlobalSection
	GlobalSection(SolutionProperties) = preSolution
		HideSolutionNode = FALSE
	EndGlobalSection
EndGlobal
